
Microsoft Visual Studio Solution File, Format Version 12.00
# Visual Studio Version 16
VisualStudioVersion = 16.0.32228.343
MinimumVisualStudioVersion = 10.0.40219.1
Project("{FAE04EC0-301F-11D3-BF4B-00C04F79EFBC}") = "WindowsFormsApp1", "WindowsFormsApp1\WindowsFormsApp1.csproj", "{0AC0BD0B-2F31-4437-BFA4-F6E6CE331845}"
EndProject
Global
	GlobalSection(SolutionConfigurationPlatforms) = preSolution
		Debug|Any CPU = Debug|Any CPU
		Release|Any CPU = Release|Any CPU
	EndGlobalSection
	GlobalSection(ProjectConfigurationPlatforms) = postSolution
		{0AC0BD0B-2F31-4437-BFA4-F6E6CE331845}.Debug|Any CPU.ActiveCfg = Debug|Any CPU
		{0AC0BD0B-2F31-4437-BFA4-F6E6CE331845}.Debug|Any CPU.Build.0 = Debug|Any CPU
		{0AC0BD0B-2F31-4437-BFA4-F6E6CE331845}.Release|Any CPU.ActiveCfg = Release|Any CPU
		{0AC0BD0B-2F31-4437-BFA4-F6E6CE331845}.Release|Any CPU.Build.0 = Release|Any CPU
	EndGlobalSection
	GlobalSection(SolutionProperties) = preSolution
		HideSolutionNode = FALSE
	EndGlobalSection
	GlobalSection(ExtensibilityGlobals) = postSolution
		SolutionGuid = {49A1C5AC-6823-4C96-8256-EFE0A3180E80}
	EndGlobalSection
EndGlobal
